// !$*UTF8*$!
{
	archiveVersion = 1;
	classes = {
	};
	objectVersion = 55;
	objects = {

/* Begin PBXBuildFile section */
		3DCB96BA279F18F6004FF308 /* AppDelegate.swift in Sources */ = {isa = PBXBuildFile; fileRef = 3DCB96B9279F18F6004FF308 /* AppDelegate.swift */; };
		3DCB96BC279F18F6004FF308 /* SceneDelegate.swift in Sources */ = {isa = PBXBuildFile; fileRef = 3DCB96BB279F18F6004FF308 /* SceneDelegate.swift */; };
		3DCB96BE279F18F6004FF308 /* PlayMusicViewController.swift in Sources */ = {isa = PBXBuildFile; fileRef = 3DCB96BD279F18F6004FF308 /* PlayMusicViewController.swift */; };
		3DCB96C1279F18F6004FF308 /* Main.storyboard in Resources */ = {isa = PBXBuildFile; fileRef = 3DCB96BF279F18F6004FF308 /* Main.storyboard */; };
		3DCB96C3279F18F8004FF308 /* Assets.xcassets in Resources */ = {isa = PBXBuildFile; fileRef = 3DCB96C2279F18F8004FF308 /* Assets.xcassets */; };
		3DCB96C6279F18F8004FF308 /* LaunchScreen.storyboard in Resources */ = {isa = PBXBuildFile; fileRef = 3DCB96C4279F18F8004FF308 /* LaunchScreen.storyboard */; };
		3DCB96D1279F18F8004FF308 /* MusicPlayerTests.swift in Sources */ = {isa = PBXBuildFile; fileRef = 3DCB96D0279F18F8004FF308 /* MusicPlayerTests.swift */; };
		3DCB96DB279F18F8004FF308 /* MusicPlayerUITests.swift in Sources */ = {isa = PBXBuildFile; fileRef = 3DCB96DA279F18F8004FF308 /* MusicPlayerUITests.swift */; };
		3DCB96DD279F18F8004FF308 /* MusicPlayerUITestsLaunchTests.swift in Sources */ = {isa = PBXBuildFile; fileRef = 3DCB96DC279F18F8004FF308 /* MusicPlayerUITestsLaunchTests.swift */; };
		3DCB96EA27A04B5C004FF308 /* ViewController.swift in Sources */ = {isa = PBXBuildFile; fileRef = 3DCB96E927A04B5C004FF308 /* ViewController.swift */; };
		3DCB96EC27A04C39004FF308 /* MusicListTableViewCell.swift in Sources */ = {isa = PBXBuildFile; fileRef = 3DCB96EB27A04C39004FF308 /* MusicListTableViewCell.swift */; };
/* End PBXBuildFile section */

/* Begin PBXContainerItemProxy section */
		3DCB96CD279F18F8004FF308 /* PBXContainerItemProxy */ = {
			isa = PBXContainerItemProxy;
			containerPortal = 3DCB96AE279F18F6004FF308 /* Project object */;
			proxyType = 1;
			remoteGlobalIDString = 3DCB96B5279F18F6004FF308;
			remoteInfo = MusicPlayer;
		};
		3DCB96D7279F18F8004FF308 /* PBXContainerItemProxy */ = {
			isa = PBXContainerItemProxy;
			containerPortal = 3DCB96AE279F18F6004FF308 /* Project object */;
			proxyType = 1;
			remoteGlobalIDString = 3DCB96B5279F18F6004FF308;
			remoteInfo = MusicPlayer;
		};
/* End PBXContainerItemProxy section */

/* Begin PBXFileReference section */
		3DCB96B6279F18F6004FF308 /* MusicPlayer.app */ = {isa = PBXFileReference; explicitFileType = wrapper.application; includeInIndex = 0; path = MusicPlayer.app; sourceTree = BUILT_PRODUCTS_DIR; };
		3DCB96B9279F18F6004FF308 /* AppDelegate.swift */ = {isa = PBXFileReference; lastKnownFileType = sourcecode.swift; path = AppDelegate.swift; sourceTree = "<group>"; };
		3DCB96BB279F18F6004FF308 /* SceneDelegate.swift */ = {isa = PBXFileReference; lastKnownFileType = sourcecode.swift; path = SceneDelegate.swift; sourceTree = "<group>"; };
		3DCB96BD279F18F6004FF308 /* PlayMusicViewController.swift */ = {isa = PBXFileReference; lastKnownFileType = sourcecode.swift; path = PlayMusicViewController.swift; sourceTree = "<group>"; };
		3DCB96C0279F18F6004FF308 /* Base */ = {isa = PBXFileReference; lastKnownFileType = file.storyboard; name = Base; path = Base.lproj/Main.storyboard; sourceTree = "<group>"; };
		3DCB96C2279F18F8004FF308 /* Assets.xcassets */ = {isa = PBXFileReference; lastKnownFileType = folder.assetcatalog; path = Assets.xcassets; sourceTree = "<group>"; };
		3DCB96C5279F18F8004FF308 /* Base */ = {isa = PBXFileReference; lastKnownFileType = file.storyboard; name = Base; path = Base.lproj/LaunchScreen.storyboard; sourceTree = "<group>"; };
		3DCB96C7279F18F8004FF308 /* Info.plist */ = {isa = PBXFileReference; lastKnownFileType = text.plist.xml; path = Info.plist; sourceTree = "<group>"; };
		3DCB96CC279F18F8004FF308 /* MusicPlayerTests.xctest */ = {isa = PBXFileReference; explicitFileType = wrapper.cfbundle; includeInIndex = 0; path = MusicPlayerTests.xctest; sourceTree = BUILT_PRODUCTS_DIR; };
		3DCB96D0279F18F8004FF308 /* MusicPlayerTests.swift */ = {isa = PBXFileReference; lastKnownFileType = sourcecode.swift; path = MusicPlayerTests.swift; sourceTree = "<group>"; };
		3DCB96D6279F18F8004FF308 /* MusicPlayerUITests.xctest */ = {isa = PBXFileReference; explicitFileType = wrapper.cfbundle; includeInIndex = 0; path = MusicPlayerUITests.xctest; sourceTree = BUILT_PRODUCTS_DIR; };
		3DCB96DA279F18F8004FF308 /* MusicPlayerUITests.swift */ = {isa = PBXFileReference; lastKnownFileType = sourcecode.swift; path = MusicPlayerUITests.swift; sourceTree = "<group>"; };
		3DCB96DC279F18F8004FF308 /* MusicPlayerUITestsLaunchTests.swift */ = {isa = PBXFileReference; lastKnownFileType = sourcecode.swift; path = MusicPlayerUITestsLaunchTests.swift; sourceTree = "<group>"; };
		3DCB96E927A04B5C004FF308 /* ViewController.swift */ = {isa = PBXFileReference; lastKnownFileType = sourcecode.swift; path = ViewController.swift; sourceTree = "<group>"; };
		3DCB96EB27A04C39004FF308 /* MusicListTableViewCell.swift */ = {isa = PBXFileReference; lastKnownFileType = sourcecode.swift; path = MusicListTableViewCell.swift; sourceTree = "<group>"; };
/* End PBXFileReference section */

/* Begin PBXFrameworksBuildPhase section */
		3DCB96B3279F18F6004FF308 /* Frameworks */ = {
			isa = PBXFrameworksBuildPhase;
			buildActionMask = 2147483647;
			files = (
			);
			runOnlyForDeploymentPostprocessing = 0;
		};
		3DCB96C9279F18F8004FF308 /* Frameworks */ = {
			isa = PBXFrameworksBuildPhase;
			buildActionMask = 2147483647;
			files = (
			);
			runOnlyForDeploymentPostprocessing = 0;
		};
		3DCB96D3279F18F8004FF308 /* Frameworks */ = {
			isa = PBXFrameworksBuildPhase;
			buildActionMask = 2147483647;
			files = (
			);
			runOnlyForDeploymentPostprocessing = 0;
		};
/* End PBXFrameworksBuildPhase section */

/* Begin PBXGroup section */
		3DCB96AD279F18F6004FF308 = {
			isa = PBXGroup;
			children = (
				3DCB96B8279F18F6004FF308 /* MusicPlayer */,
				3DCB96CF279F18F8004FF308 /* MusicPlayerTests */,
				3DCB96D9279F18F8004FF308 /* MusicPlayerUITests */,
				3DCB96B7279F18F6004FF308 /* Products */,
			);
			sourceTree = "<group>";
		};
		3DCB96B7279F18F6004FF308 /* Products */ = {
			isa = PBXGroup;
			children = (
				3DCB96B6279F18F6004FF308 /* MusicPlayer.app */,
				3DCB96CC279F18F8004FF308 /* MusicPlayerTests.xctest */,
				3DCB96D6279F18F8004FF308 /* MusicPlayerUITests.xctest */,
			);
			name = Products;
			sourceTree = "<group>";
		};
		3DCB96B8279F18F6004FF308 /* MusicPlayer */ = {
			isa = PBXGroup;
			children = (
				3DCB96B9279F18F6004FF308 /* AppDelegate.swift */,
				3DCB96BB279F18F6004FF308 /* SceneDelegate.swift */,
				3DCB96BD279F18F6004FF308 /* PlayMusicViewController.swift */,
				3DCB96BF279F18F6004FF308 /* Main.storyboard */,
				3DCB96C2279F18F8004FF308 /* Assets.xcassets */,
				3DCB96C4279F18F8004FF308 /* LaunchScreen.storyboard */,
				3DCB96C7279F18F8004FF308 /* Info.plist */,
				3DCB96E927A04B5C004FF308 /* ViewController.swift */,
				3DCB96EB27A04C39004FF308 /* MusicListTableViewCell.swift */,
			);
			path = MusicPlayer;
			sourceTree = "<group>";
		};
		3DCB96CF279F18F8004FF308 /* MusicPlayerTests */ = {
			isa = PBXGroup;
			children = (
				3DCB96D0279F18F8004FF308 /* MusicPlayerTests.swift */,
			);
			path = MusicPlayerTests;
			sourceTree = "<group>";
		};
		3DCB96D9279F18F8004FF308 /* MusicPlayerUITests */ = {
			isa = PBXGroup;
			children = (
				3DCB96DA279F18F8004FF308 /* MusicPlayerUITests.swift */,
				3DCB96DC279F18F8004FF308 /* MusicPlayerUITestsLaunchTests.swift */,
			);
			path = MusicPlayerUITests;
			sourceTree = "<group>";
		};
/* End PBXGroup section */

/* Begin PBXNativeTarget section */
		3DCB96B5279F18F6004FF308 /* MusicPlayer */ = {
			isa = PBXNativeTarget;
			buildConfigurationList = 3DCB96E0279F18F8004FF308 /* Build configuration list for PBXNativeTarget "MusicPlayer" */;
			buildPhases = (
				3DCB96B2279F18F6004FF308 /* Sources */,
				3DCB96B3279F18F6004FF308 /* Frameworks */,
				3DCB96B4279F18F6004FF308 /* Resources */,
			);
			buildRules = (
			);
			dependencies = (
			);
			name = MusicPlayer;
			productName = MusicPlayer;
			productReference = 3DCB96B6279F18F6004FF308 /* MusicPlayer.app */;
			productType = "com.apple.product-type.application";
		};
		3DCB96CB279F18F8004FF308 /* MusicPlayerTests */ = {
			isa = PBXNativeTarget;
			buildConfigurationList = 3DCB96E3279F18F8004FF308 /* Build configuration list for PBXNativeTarget "MusicPlayerTests" */;
			buildPhases = (
				3DCB96C8279F18F8004FF308 /* Sources */,
				3DCB96C9279F18F8004FF308 /* Frameworks */,
				3DCB96CA279F18F8004FF308 /* Resources */,
			);
			buildRules = (
			);
			dependencies = (
				3DCB96CE279F18F8004FF308 /* PBXTargetDependency */,
			);
			name = MusicPlayerTests;
			productName = MusicPlayerTests;
			productReference = 3DCB96CC279F18F8004FF308 /* MusicPlayerTests.xctest */;
			productType = "com.apple.product-type.bundle.unit-test";
		};
		3DCB96D5279F18F8004FF308 /* MusicPlayerUITests */ = {
			isa = PBXNativeTarget;
			buildConfigurationList = 3DCB96E6279F18F8004FF308 /* Build configuration list for PBXNativeTarget "MusicPlayerUITests" */;
			buildPhases = (
				3DCB96D2279F18F8004FF308 /* Sources */,
				3DCB96D3279F18F8004FF308 /* Frameworks */,
				3DCB96D4279F18F8004FF308 /* Resources */,
			);
			buildRules = (
			);
			dependencies = (
				3DCB96D8279F18F8004FF308 /* PBXTargetDependency */,
			);
			name = MusicPlayerUITests;
			productName = MusicPlayerUITests;
			productReference = 3DCB96D6279F18F8004FF308 /* MusicPlayerUITests.xctest */;
			productType = "com.apple.product-type.bundle.ui-testing";
		};
/* End PBXNativeTarget section */

/* Begin PBXProject section */
		3DCB96AE279F18F6004FF308 /* Project object */ = {
			isa = PBXProject;
			attributes = {
				BuildIndependentTargetsInParallel = 1;
				LastSwiftUpdateCheck = 1320;
				LastUpgradeCheck = 1320;
				TargetAttributes = {
					3DCB96B5279F18F6004FF308 = {
						CreatedOnToolsVersion = 13.2.1;
					};
					3DCB96CB279F18F8004FF308 = {
						CreatedOnToolsVersion = 13.2.1;
						TestTargetID = 3DCB96B5279F18F6004FF308;
					};
					3DCB96D5279F18F8004FF308 = {
						CreatedOnToolsVersion = 13.2.1;
						TestTargetID = 3DCB96B5279F18F6004FF308;
					};
				};
			};
			buildConfigurationList = 3DCB96B1279F18F6004FF308 /* Build configuration list for PBXProject "MusicPlayer" */;
			compatibilityVersion = "Xcode 13.0";
			developmentRegion = en;
			hasScannedForEncodings = 0;
			knownRegions = (
				en,
				Base,
			);
			mainGroup = 3DCB96AD279F18F6004FF308;
			productRefGroup = 3DCB96B7279F18F6004FF308 /* Products */;
			projectDirPath = "";
			projectRoot = "";
			targets = (
				3DCB96B5279F18F6004FF308 /* MusicPlayer */,
				3DCB96CB279F18F8004FF308 /* MusicPlayerTests */,
				3DCB96D5279F18F8004FF308 /* MusicPlayerUITests */,
			);
		};
/* End PBXProject section */

/* Begin PBXResourcesBuildPhase section */
		3DCB96B4279F18F6004FF308 /* Resources */ = {
			isa = PBXResourcesBuildPhase;
			buildActionMask = 2147483647;
			files = (
				3DCB96C6279F18F8004FF308 /* LaunchScreen.storyboard in Resources */,
				3DCB96C3279F18F8004FF308 /* Assets.xcassets in Resources */,
				3DCB96C1279F18F6004FF308 /* Main.storyboard in Resources */,
			);
			runOnlyForDeploymentPostprocessing = 0;
		};
		3DCB96CA279F18F8004FF308 /* Resources */ = {
			isa = PBXResourcesBuildPhase;
			buildActionMask = 2147483647;
			files = (
			);
			runOnlyForDeploymentPostprocessing = 0;
		};
		3DCB96D4279F18F8004FF308 /* Resources */ = {
			isa = PBXResourcesBuildPhase;
			buildActionMask = 2147483647;
			files = (
			);
			runOnlyForDeploymentPostprocessing = 0;
		};
/* End PBXResourcesBuildPhase section */

/* Begin PBXSourcesBuildPhase section */
		3DCB96B2279F18F6004FF308 /* Sources */ = {
			isa = PBXSourcesBuildPhase;
			buildActionMask = 2147483647;
			files = (
				3DCB96BE279F18F6004FF308 /* PlayMusicViewController.swift in Sources */,
				3DCB96EC27A04C39004FF308 /* MusicListTableViewCell.swift in Sources */,
				3DCB96BA279F18F6004FF308 /* AppDelegate.swift in Sources */,
				3DCB96EA27A04B5C004FF308 /* ViewController.swift in Sources */,
				3DCB96BC279F18F6004FF308 /* SceneDelegate.swift in Sources */,
			);
			runOnlyForDeploymentPostprocessing = 0;
		};
		3DCB96C8279F18F8004FF308 /* Sources */ = {
			isa = PBXSourcesBuildPhase;
			buildActionMask = 2147483647;
			files = (
				3DCB96D1279F18F8004FF308 /* MusicPlayerTests.swift in Sources */,
			);
			runOnlyForDeploymentPostprocessing = 0;
		};
		3DCB96D2279F18F8004FF308 /* Sources */ = {
			isa = PBXSourcesBuildPhase;
			buildActionMask = 2147483647;
			files = (
				3DCB96DB279F18F8004FF308 /* MusicPlayerUITests.swift in Sources */,
				3DCB96DD279F18F8004FF308 /* MusicPlayerUITestsLaunchTests.swift in Sources */,
			);
			runOnlyForDeploymentPostprocessing = 0;
		};
/* End PBXSourcesBuildPhase section */

/* Begin PBXTargetDependency section */
		3DCB96CE279F18F8004FF308 /* PBXTargetDependency */ = {
			isa = PBXTargetDependency;
			target = 3DCB96B5279F18F6004FF308 /* MusicPlayer */;
			targetProxy = 3DCB96CD279F18F8004FF308 /* PBXContainerItemProxy */;
		};
		3DCB96D8279F18F8004FF308 /* PBXTargetDependency */ = {
			isa = PBXTargetDependency;
			target = 3DCB96B5279F18F6004FF308 /* MusicPlayer */;
			targetProxy = 3DCB96D7279F18F8004FF308 /* PBXContainerItemProxy */;
		};
/* End PBXTargetDependency section */

/* Begin PBXVariantGroup section */
		3DCB96BF279F18F6004FF308 /* Main.storyboard */ = {
			isa = PBXVariantGroup;
			children = (
				3DCB96C0279F18F6004FF308 /* Base */,
			);
			name = Main.storyboard;
			sourceTree = "<group>";
		};
		3DCB96C4279F18F8004FF308 /* LaunchScreen.storyboard */ = {
			isa = PBXVariantGroup;
			children = (
				3DCB96C5279F18F8004FF308 /* Base */,
			);
			name = LaunchScreen.storyboard;
			sourceTree = "<group>";
		};
/* End PBXVariantGroup section */

/* Begin XCBuildConfiguration section */
		3DCB96DE279F18F8004FF308 /* Debug */ = {
			isa = XCBuildConfiguration;
			buildSettings = {
				ALWAYS_SEARCH_USER_PATHS = NO;
				CLANG_ANALYZER_NONNULL = YES;
				CLANG_ANALYZER_NUMBER_OBJECT_CONVERSION = YES_AGGRESSIVE;
				CLANG_CXX_LANGUAGE_STANDARD = "gnu++17";
				CLANG_CXX_LIBRARY = "libc++";
				CLANG_ENABLE_MODULES = YES;
				CLANG_ENABLE_OBJC_ARC = YES;
				CLANG_ENABLE_OBJC_WEAK = YES;
				CLANG_WARN_BLOCK_CAPTURE_AUTORELEASING = YES;
				CLANG_WARN_BOOL_CONVERSION = YES;
				CLANG_WARN_COMMA = YES;
				CLANG_WARN_CONSTANT_CONVERSION = YES;
				CLANG_WARN_DEPRECATED_OBJC_IMPLEMENTATIONS = YES;
				CLANG_WARN_DIRECT_OBJC_ISA_USAGE = YES_ERROR;
				CLANG_WARN_DOCUMENTATION_COMMENTS = YES;
				CLANG_WARN_EMPTY_BODY = YES;
				CLANG_WARN_ENUM_CONVERSION = YES;
				CLANG_WARN_INFINITE_RECURSION = YES;
				CLANG_WARN_INT_CONVERSION = YES;
				CLANG_WARN_NON_LITERAL_NULL_CONVERSION = YES;
				CLANG_WARN_OBJC_IMPLICIT_RETAIN_SELF = YES;
				CLANG_WARN_OBJC_LITERAL_CONVERSION = YES;
				CLANG_WARN_OBJC_ROOT_CLASS = YES_ERROR;
				CLANG_WARN_QUOTED_INCLUDE_IN_FRAMEWORK_HEADER = YES;
				CLANG_WARN_RANGE_LOOP_ANALYSIS = YES;
				CLANG_WARN_STRICT_PROTOTYPES = YES;
				CLANG_WARN_SUSPICIOUS_MOVE = YES;
				CLANG_WARN_UNGUARDED_AVAILABILITY = YES_AGGRESSIVE;
				CLANG_WARN_UNREACHABLE_CODE = YES;
				CLANG_WARN__DUPLICATE_METHOD_MATCH = YES;
				COPY_PHASE_STRIP = NO;
				DEBUG_INFORMATION_FORMAT = dwarf;
				ENABLE_STRICT_OBJC_MSGSEND = YES;
				ENABLE_TESTABILITY = YES;
				GCC_C_LANGUAGE_STANDARD = gnu11;
				GCC_DYNAMIC_NO_PIC = NO;
				GCC_NO_COMMON_BLOCKS = YES;
				GCC_OPTIMIZATION_LEVEL = 0;
				GCC_PREPROCESSOR_DEFINITIONS = (
					"DEBUG=1",
					"$(inherited)",
				);
				GCC_WARN_64_TO_32_BIT_CONVERSION = YES;
				GCC_WARN_ABOUT_RETURN_TYPE = YES_ERROR;
				GCC_WARN_UNDECLARED_SELECTOR = YES;
				GCC_WARN_UNINITIALIZED_AUTOS = YES_AGGRESSIVE;
				GCC_WARN_UNUSED_FUNCTION = YES;
				GCC_WARN_UNUSED_VARIABLE = YES;
				IPHONEOS_DEPLOYMENT_TARGET = 15.2;
				MTL_ENABLE_DEBUG_INFO = INCLUDE_SOURCE;
				MTL_FAST_MATH = YES;
				ONLY_ACTIVE_ARCH = YES;
				SDKROOT = iphoneos;
				SWIFT_ACTIVE_COMPILATION_CONDITIONS = DEBUG;
				SWIFT_OPTIMIZATION_LEVEL = "-Onone";
			};
			name = Debug;
		};
		3DCB96DF279F18F8004FF308 /* Release */ = {
			isa = XCBuildConfiguration;
			buildSettings = {
				ALWAYS_SEARCH_USER_PATHS = NO;
				CLANG_ANALYZER_NONNULL = YES;
				CLANG_ANALYZER_NUMBER_OBJECT_CONVERSION = YES_AGGRESSIVE;
				CLANG_CXX_LANGUAGE_STANDARD = "gnu++17";
				CLANG_CXX_LIBRARY = "libc++";
				CLANG_ENABLE_MODULES = YES;
				CLANG_ENABLE_OBJC_ARC = YES;
				CLANG_ENABLE_OBJC_WEAK = YES;
				CLANG_WARN_BLOCK_CAPTURE_AUTORELEASING = YES;
				CLANG_WARN_BOOL_CONVERSION = YES;
				CLANG_WARN_COMMA = YES;
				CLANG_WARN_CONSTANT_CONVERSION = YES;
				CLANG_WARN_DEPRECATED_OBJC_IMPLEMENTATIONS = YES;
				CLANG_WARN_DIRECT_OBJC_ISA_USAGE = YES_ERROR;
				CLANG_WARN_DOCUMENTATION_COMMENTS = YES;
				CLANG_WARN_EMPTY_BODY = YES;
				CLANG_WARN_ENUM_CONVERSION = YES;
				CLANG_WARN_INFINITE_RECURSION = YES;
				CLANG_WARN_INT_CONVERSION = YES;
				CLANG_WARN_NON_LITERAL_NULL_CONVERSION = YES;
				CLANG_WARN_OBJC_IMPLICIT_RETAIN_SELF = YES;
				CLANG_WARN_OBJC_LITERAL_CONVERSION = YES;
				CLANG_WARN_OBJC_ROOT_CLASS = YES_ERROR;
				CLANG_WARN_QUOTED_INCLUDE_IN_FRAMEWORK_HEADER = YES;
				CLANG_WARN_RANGE_LOOP_ANALYSIS = YES;
				CLANG_WARN_STRICT_PROTOTYPES = YES;
				CLANG_WARN_SUSPICIOUS_MOVE = YES;
				CLANG_WARN_UNGUARDED_AVAILABILITY = YES_AGGRESSIVE;
				CLANG_WARN_UNREACHABLE_CODE = YES;
				CLANG_WARN__DUPLICATE_METHOD_MATCH = YES;
				COPY_PHASE_STRIP = NO;
				DEBUG_INFORMATION_FORMAT = "dwarf-with-dsym";
				ENABLE_NS_ASSERTIONS = NO;
				ENABLE_STRICT_OBJC_MSGSEND = YES;
				GCC_C_LANGUAGE_STANDARD = gnu11;
				GCC_NO_COMMON_BLOCKS = YES;
				GCC_WARN_64_TO_32_BIT_CONVERSION = YES;
				GCC_WARN_ABOUT_RETURN_TYPE = YES_ERROR;
				GCC_WARN_UNDECLARED_SELECTOR = YES;
				GCC_WARN_UNINITIALIZED_AUTOS = YES_AGGRESSIVE;
				GCC_WARN_UNUSED_FUNCTION = YES;
				GCC_WARN_UNUSED_VARIABLE = YES;
				IPHONEOS_DEPLOYMENT_TARGET = 15.2;
				MTL_ENABLE_DEBUG_INFO = NO;
				MTL_FAST_MATH = YES;
				SDKROOT = iphoneos;
				SWIFT_COMPILATION_MODE = wholemodule;
				SWIFT_OPTIMIZATION_LEVEL = "-O";
				VALIDATE_PRODUCT = YES;
			};
			name = Release;
		};
		3DCB96E1279F18F8004FF308 /* Debug */ = {
			isa = XCBuildConfiguration;
			buildSettings = {
				ASSETCATALOG_COMPILER_APPICON_NAME = AppIcon;
				ASSETCATALOG_COMPILER_GLOBAL_ACCENT_COLOR_NAME = AccentColor;
				CODE_SIGN_STYLE = Automatic;
				CURRENT_PROJECT_VERSION = 1;
				GENERATE_INFOPLIST_FILE = YES;
				INFOPLIST_FILE = MusicPlayer/Info.plist;
				INFOPLIST_KEY_UIApplicationSupportsIndirectInputEvents = YES;
				INFOPLIST_KEY_UILaunchStoryboardName = LaunchScreen;
				INFOPLIST_KEY_UIMainStoryboardFile = Main;
				INFOPLIST_KEY_UISupportedInterfaceOrientations_iPad = "UIInterfaceOrientationPortrait UIInterfaceOrientationPortraitUpsideDown UIInterfaceOrientationLandscapeLeft UIInterfaceOrientationLandscapeRight";
				INFOPLIST_KEY_UISupportedInterfaceOrientations_iPhone = "UIInterfaceOrientationPortrait UIInterfaceOrientationLandscapeLeft UIInterfaceOrientationLandscapeRight";
				LD_RUNPATH_SEARCH_PATHS = (
					"$(inherited)",
					"@executable_path/Frameworks",
				);
				MARKETING_VERSION = 1.0;
				PRODUCT_BUNDLE_IDENTIFIER = kang.MusicPlayer;
				PRODUCT_NAME = "$(TARGET_NAME)";
				SWIFT_EMIT_LOC_STRINGS = YES;
				SWIFT_VERSION = 5.0;
				TARGETED_DEVICE_FAMILY = "1,2";
			};
			name = Debug;
		};
		3DCB96E2279F18F8004FF308 /* Release */ = {
			isa = XCBuildConfiguration;
			buildSettings = {
				ASSETCATALOG_COMPILER_APPICON_NAME = AppIcon;
				ASSETCATALOG_COMPILER_GLOBAL_ACCENT_COLOR_NAME = AccentColor;
				CODE_SIGN_STYLE = Automatic;
				CURRENT_PROJECT_VERSION = 1;
				GENERATE_INFOPLIST_FILE = YES;
				INFOPLIST_FILE = MusicPlayer/Info.plist;
				INFOPLIST_KEY_UIApplicationSupportsIndirectInputEvents = YES;
				INFOPLIST_KEY_UILaunchStoryboardName = LaunchScreen;
				INFOPLIST_KEY_UIMainStoryboardFile = Main;
				INFOPLIST_KEY_UISupportedInterfaceOrientations_iPad = "UIInterfaceOrientationPortrait UIInterfaceOrientationPortraitUpsideDown UIInterfaceOrientationLandscapeLeft UIInterfaceOrientationLandscapeRight";
				INFOPLIST_KEY_UISupportedInterfaceOrientations_iPhone = "UIInterfaceOrientationPortrait UIInterfaceOrientationLandscapeLeft UIInterfaceOrientationLandscapeRight";
				LD_RUNPATH_SEARCH_PATHS = (
					"$(inherited)",
					"@executable_path/Frameworks",
				);
				MARKETING_VERSION = 1.0;
				PRODUCT_BUNDLE_IDENTIFIER = kang.MusicPlayer;
				PRODUCT_NAME = "$(TARGET_NAME)";
				SWIFT_EMIT_LOC_STRINGS = YES;
				SWIFT_VERSION = 5.0;
				TARGETED_DEVICE_FAMILY = "1,2";
			};
			name = Release;
		};
		3DCB96E4279F18F8004FF308 /* Debug */ = {
			isa = XCBuildConfiguration;
			buildSettings = {
				ALWAYS_EMBED_SWIFT_STANDARD_LIBRARIES = YES;
				BUNDLE_LOADER = "$(TEST_HOST)";
				CODE_SIGN_STYLE = Automatic;
				CURRENT_PROJECT_VERSION = 1;
				GENERATE_INFOPLIST_FILE = YES;
				IPHONEOS_DEPLOYMENT_TARGET = 15.2;
				MARKETING_VERSION = 1.0;
				PRODUCT_BUNDLE_IDENTIFIER = kang.MusicPlayerTests;
				PRODUCT_NAME = "$(TARGET_NAME)";
				SWIFT_EMIT_LOC_STRINGS = NO;
				SWIFT_VERSION = 5.0;
				TARGETED_DEVICE_FAMILY = "1,2";
				TEST_HOST = "$(BUILT_PRODUCTS_DIR)/MusicPlayer.app/MusicPlayer";
			};
			name = Debug;
		};
		3DCB96E5279F18F8004FF308 /* Release */ = {
			isa = XCBuildConfiguration;
			buildSettings = {
				ALWAYS_EMBED_SWIFT_STANDARD_LIBRARIES = YES;
				BUNDLE_LOADER = "$(TEST_HOST)";
				CODE_SIGN_STYLE = Automatic;
				CURRENT_PROJECT_VERSION = 1;
				GENERATE_INFOPLIST_FILE = YES;
				IPHONEOS_DEPLOYMENT_TARGET = 15.2;
				MARKETING_VERSION = 1.0;
				PRODUCT_BUNDLE_IDENTIFIER = kang.MusicPlayerTests;
				PRODUCT_NAME = "$(TARGET_NAME)";
				SWIFT_EMIT_LOC_STRINGS = NO;
				SWIFT_VERSION = 5.0;
				TARGETED_DEVICE_FAMILY = "1,2";
				TEST_HOST = "$(BUILT_PRODUCTS_DIR)/MusicPlayer.app/MusicPlayer";
			};
			name = Release;
		};
		3DCB96E7279F18F8004FF308 /* Debug */ = {
			isa = XCBuildConfiguration;
			buildSettings = {
				ALWAYS_EMBED_SWIFT_STANDARD_LIBRARIES = YES;
				CODE_SIGN_STYLE = Automatic;
				CURRENT_PROJECT_VERSION = 1;
				GENERATE_INFOPLIST_FILE = YES;
				MARKETING_VERSION = 1.0;
				PRODUCT_BUNDLE_IDENTIFIER = kang.MusicPlayerUITests;
				PRODUCT_NAME = "$(TARGET_NAME)";
				SWIFT_EMIT_LOC_STRINGS = NO;
				SWIFT_VERSION = 5.0;
				TARGETED_DEVICE_FAMILY = "1,2";
				TEST_TARGET_NAME = MusicPlayer;
			};
			name = Debug;
		};
		3DCB96E8279F18F8004FF308 /* Release */ = {
			isa = XCBuildConfiguration;
			buildSettings = {
				ALWAYS_EMBED_SWIFT_STANDARD_LIBRARIES = YES;
				CODE_SIGN_STYLE = Automatic;
				CURRENT_PROJECT_VERSION = 1;
				GENERATE_INFOPLIST_FILE = YES;
				MARKETING_VERSION = 1.0;
				PRODUCT_BUNDLE_IDENTIFIER = kang.MusicPlayerUITests;
				PRODUCT_NAME = "$(TARGET_NAME)";
				SWIFT_EMIT_LOC_STRINGS = NO;
				SWIFT_VERSION = 5.0;
				TARGETED_DEVICE_FAMILY = "1,2";
				TEST_TARGET_NAME = MusicPlayer;
			};
			name = Release;
		};
/* End XCBuildConfiguration section */

/* Begin XCConfigurationList section */
		3DCB96B1279F18F6004FF308 /* Build configuration list for PBXProject "MusicPlayer" */ = {
			isa = XCConfigurationList;
			buildConfigurations = (
				3DCB96DE279F18F8004FF308 /* Debug */,
				3DCB96DF279F18F8004FF308 /* Release */,
			);
			defaultConfigurationIsVisible = 0;
			defaultConfigurationName = Release;
		};
		3DCB96E0279F18F8004FF308 /* Build configuration list for PBXNativeTarget "MusicPlayer" */ = {
			isa = XCConfigurationList;
			buildConfigurations = (
				3DCB96E1279F18F8004FF308 /* Debug */,
				3DCB96E2279F18F8004FF308 /* Release */,
			);
			defaultConfigurationIsVisible = 0;
			defaultConfigurationName = Release;
		};
		3DCB96E3279F18F8004FF308 /* Build configuration list for PBXNativeTarget "MusicPlayerTests" */ = {
			isa = XCConfigurationList;
			buildConfigurations = (
				3DCB96E4279F18F8004FF308 /* Debug */,
				3DCB96E5279F18F8004FF308 /* Release */,
			);
			defaultConfigurationIsVisible = 0;
			defaultConfigurationName = Release;
		};
		3DCB96E6279F18F8004FF308 /* Build configuration list for PBXNativeTarget "MusicPlayerUITests" */ = {
			isa = XCConfigurationList;
			buildConfigurations = (
				3DCB96E7279F18F8004FF308 /* Debug */,
				3DCB96E8279F18F8004FF308 /* Release */,
			);
			defaultConfigurationIsVisible = 0;
			defaultConfigurationName = Release;
		};
/* End XCConfigurationList section */
	};
	rootObject = 3DCB96AE279F18F6004FF308 /* Project object */;
}
